// !$*UTF8*$!
{
	archiveVersion = 1;
	classes = {
	};
	objectVersion = 55;
	objects = {

/* Begin PBXBuildFile section */
		A87A720D27B6C9E8003FAF66 /* AppDelegate.swift in Sources */ = {isa = PBXBuildFile; fileRef = A87A720C27B6C9E8003FAF66 /* AppDelegate.swift */; };
		A87A720F27B6C9E8003FAF66 /* SceneDelegate.swift in Sources */ = {isa = PBXBuildFile; fileRef = A87A720E27B6C9E8003FAF66 /* SceneDelegate.swift */; };
		A87A721127B6C9E8003FAF66 /* ViewController.swift in Sources */ = {isa = PBXBuildFile; fileRef = A87A721027B6C9E8003FAF66 /* ViewController.swift */; };
		A87A721427B6C9E8003FAF66 /* Main.storyboard in Resources */ = {isa = PBXBuildFile; fileRef = A87A721227B6C9E8003FAF66 /* Main.storyboard */; };
		A87A721627B6C9EA003FAF66 /* Assets.xcassets in Resources */ = {isa = PBXBuildFile; fileRef = A87A721527B6C9EA003FAF66 /* Assets.xcassets */; };
		A87A721927B6C9EA003FAF66 /* LaunchScreen.storyboard in Resources */ = {isa = PBXBuildFile; fileRef = A87A721727B6C9EA003FAF66 /* LaunchScreen.storyboard */; };
		A882BF7427C6308400F6ED8F /* FriendsController.swift in Sources */ = {isa = PBXBuildFile; fileRef = A882BF7327C6308400F6ED8F /* FriendsController.swift */; };
		A882BF7627C6332400F6ED8F /* FriendsCell.swift in Sources */ = {isa = PBXBuildFile; fileRef = A882BF7527C6332400F6ED8F /* FriendsCell.swift */; };
		A882BF7827C63A9300F6ED8F /* User.swift in Sources */ = {isa = PBXBuildFile; fileRef = A882BF7727C63A9300F6ED8F /* User.swift */; };
		A882BF7A27C6520D00F6ED8F /* PhotoController.swift in Sources */ = {isa = PBXBuildFile; fileRef = A882BF7927C6520D00F6ED8F /* PhotoController.swift */; };
		A882BF7C27C66A0900F6ED8F /* PhotoCell.swift in Sources */ = {isa = PBXBuildFile; fileRef = A882BF7B27C66A0900F6ED8F /* PhotoCell.swift */; };
		A882BF8327C6789B00F6ED8F /* GroupController.swift in Sources */ = {isa = PBXBuildFile; fileRef = A882BF8227C6789B00F6ED8F /* GroupController.swift */; };
		A882BF8527C678F900F6ED8F /* AllGroupController.swift in Sources */ = {isa = PBXBuildFile; fileRef = A882BF8427C678F900F6ED8F /* AllGroupController.swift */; };
		A882BF8727C67A2200F6ED8F /* GroupCell.swift in Sources */ = {isa = PBXBuildFile; fileRef = A882BF8627C67A2200F6ED8F /* GroupCell.swift */; };
		A882BF8927C67D7500F6ED8F /* Group.swift in Sources */ = {isa = PBXBuildFile; fileRef = A882BF8827C67D7500F6ED8F /* Group.swift */; };
		A882BF8B27C6837300F6ED8F /* AllGroupCell.swift in Sources */ = {isa = PBXBuildFile; fileRef = A882BF8A27C6837300F6ED8F /* AllGroupCell.swift */; };
		A8F48D2127C2CAC70031A024 /* AuthorizationViewController.swift in Sources */ = {isa = PBXBuildFile; fileRef = A8F48D2027C2CAC70031A024 /* AuthorizationViewController.swift */; };
		A8F73EDB27C3D2C500AA198B /* UIViewController + Extension.swift in Sources */ = {isa = PBXBuildFile; fileRef = A8F73EDA27C3D2C500AA198B /* UIViewController + Extension.swift */; };
/* End PBXBuildFile section */

/* Begin PBXFileReference section */
		A87A720927B6C9E8003FAF66 /* newVK.app */ = {isa = PBXFileReference; explicitFileType = wrapper.application; includeInIndex = 0; path = newVK.app; sourceTree = BUILT_PRODUCTS_DIR; };
		A87A720C27B6C9E8003FAF66 /* AppDelegate.swift */ = {isa = PBXFileReference; lastKnownFileType = sourcecode.swift; path = AppDelegate.swift; sourceTree = "<group>"; };
		A87A720E27B6C9E8003FAF66 /* SceneDelegate.swift */ = {isa = PBXFileReference; lastKnownFileType = sourcecode.swift; path = SceneDelegate.swift; sourceTree = "<group>"; };
		A87A721027B6C9E8003FAF66 /* ViewController.swift */ = {isa = PBXFileReference; lastKnownFileType = sourcecode.swift; path = ViewController.swift; sourceTree = "<group>"; };
		A87A721327B6C9E8003FAF66 /* Base */ = {isa = PBXFileReference; lastKnownFileType = file.storyboard; name = Base; path = Base.lproj/Main.storyboard; sourceTree = "<group>"; };
		A87A721527B6C9EA003FAF66 /* Assets.xcassets */ = {isa = PBXFileReference; lastKnownFileType = folder.assetcatalog; path = Assets.xcassets; sourceTree = "<group>"; };
		A87A721827B6C9EA003FAF66 /* Base */ = {isa = PBXFileReference; lastKnownFileType = file.storyboard; name = Base; path = Base.lproj/LaunchScreen.storyboard; sourceTree = "<group>"; };
		A87A721A27B6C9EA003FAF66 /* Info.plist */ = {isa = PBXFileReference; lastKnownFileType = text.plist.xml; path = Info.plist; sourceTree = "<group>"; };
		A882BF7327C6308400F6ED8F /* FriendsController.swift */ = {isa = PBXFileReference; lastKnownFileType = sourcecode.swift; path = FriendsController.swift; sourceTree = "<group>"; };
		A882BF7527C6332400F6ED8F /* FriendsCell.swift */ = {isa = PBXFileReference; lastKnownFileType = sourcecode.swift; path = FriendsCell.swift; sourceTree = "<group>"; };
		A882BF7727C63A9300F6ED8F /* User.swift */ = {isa = PBXFileReference; lastKnownFileType = sourcecode.swift; path = User.swift; sourceTree = "<group>"; };
		A882BF7927C6520D00F6ED8F /* PhotoController.swift */ = {isa = PBXFileReference; lastKnownFileType = sourcecode.swift; path = PhotoController.swift; sourceTree = "<group>"; };
		A882BF7B27C66A0900F6ED8F /* PhotoCell.swift */ = {isa = PBXFileReference; lastKnownFileType = sourcecode.swift; path = PhotoCell.swift; sourceTree = "<group>"; };
		A882BF8227C6789B00F6ED8F /* GroupController.swift */ = {isa = PBXFileReference; lastKnownFileType = sourcecode.swift; path = GroupController.swift; sourceTree = "<group>"; };
		A882BF8427C678F900F6ED8F /* AllGroupController.swift */ = {isa = PBXFileReference; lastKnownFileType = sourcecode.swift; path = AllGroupController.swift; sourceTree = "<group>"; };
		A882BF8627C67A2200F6ED8F /* GroupCell.swift */ = {isa = PBXFileReference; lastKnownFileType = sourcecode.swift; path = GroupCell.swift; sourceTree = "<group>"; };
		A882BF8827C67D7500F6ED8F /* Group.swift */ = {isa = PBXFileReference; lastKnownFileType = sourcecode.swift; path = Group.swift; sourceTree = "<group>"; };
		A882BF8A27C6837300F6ED8F /* AllGroupCell.swift */ = {isa = PBXFileReference; lastKnownFileType = sourcecode.swift; path = AllGroupCell.swift; sourceTree = "<group>"; };
		A8F48D2027C2CAC70031A024 /* AuthorizationViewController.swift */ = {isa = PBXFileReference; lastKnownFileType = sourcecode.swift; path = AuthorizationViewController.swift; sourceTree = "<group>"; };
		A8F73EDA27C3D2C500AA198B /* UIViewController + Extension.swift */ = {isa = PBXFileReference; lastKnownFileType = sourcecode.swift; path = "UIViewController + Extension.swift"; sourceTree = "<group>"; };
/* End PBXFileReference section */

/* Begin PBXFrameworksBuildPhase section */
		A87A720627B6C9E8003FAF66 /* Frameworks */ = {
			isa = PBXFrameworksBuildPhase;
			buildActionMask = 2147483647;
			files = (
			);
			runOnlyForDeploymentPostprocessing = 0;
		};
/* End PBXFrameworksBuildPhase section */

/* Begin PBXGroup section */
		A87A720027B6C9E8003FAF66 = {
			isa = PBXGroup;
			children = (
				A87A720B27B6C9E8003FAF66 /* newVK */,
				A87A720A27B6C9E8003FAF66 /* Products */,
			);
			sourceTree = "<group>";
		};
		A87A720A27B6C9E8003FAF66 /* Products */ = {
			isa = PBXGroup;
			children = (
				A87A720927B6C9E8003FAF66 /* newVK.app */,
			);
			name = Products;
			sourceTree = "<group>";
		};
		A87A720B27B6C9E8003FAF66 /* newVK */ = {
			isa = PBXGroup;
			children = (
				A882BF7D27C6729F00F6ED8F /* Resourse */,
				A882BF7E27C6733200F6ED8F /* Controllers */,
				A882BF7F27C6735E00F6ED8F /* Helper */,
				A882BF8027C673AA00F6ED8F /* View */,
				A882BF8127C673B700F6ED8F /* Model */,
				A87A721A27B6C9EA003FAF66 /* Info.plist */,
			);
			path = newVK;
			sourceTree = "<group>";
		};
		A882BF7D27C6729F00F6ED8F /* Resourse */ = {
			isa = PBXGroup;
			children = (
				A87A720C27B6C9E8003FAF66 /* AppDelegate.swift */,
				A87A720E27B6C9E8003FAF66 /* SceneDelegate.swift */,
				A87A721227B6C9E8003FAF66 /* Main.storyboard */,
				A87A721527B6C9EA003FAF66 /* Assets.xcassets */,
				A87A721727B6C9EA003FAF66 /* LaunchScreen.storyboard */,
			);
			path = Resourse;
			sourceTree = "<group>";
		};
		A882BF7E27C6733200F6ED8F /* Controllers */ = {
			isa = PBXGroup;
			children = (
				A87A721027B6C9E8003FAF66 /* ViewController.swift */,
				A8F48D2027C2CAC70031A024 /* AuthorizationViewController.swift */,
				A882BF7927C6520D00F6ED8F /* PhotoController.swift */,
				A882BF7327C6308400F6ED8F /* FriendsController.swift */,
				A882BF8227C6789B00F6ED8F /* GroupController.swift */,
				A882BF8427C678F900F6ED8F /* AllGroupController.swift */,
			);
			path = Controllers;
			sourceTree = "<group>";
		};
		A882BF7F27C6735E00F6ED8F /* Helper */ = {
			isa = PBXGroup;
			children = (
				A8F73EDA27C3D2C500AA198B /* UIViewController + Extension.swift */,
			);
			path = Helper;
			sourceTree = "<group>";
		};
		A882BF8027C673AA00F6ED8F /* View */ = {
			isa = PBXGroup;
			children = (
				A882BF7B27C66A0900F6ED8F /* PhotoCell.swift */,
				A882BF7527C6332400F6ED8F /* FriendsCell.swift */,
				A882BF8627C67A2200F6ED8F /* GroupCell.swift */,
				A882BF8A27C6837300F6ED8F /* AllGroupCell.swift */,
			);
			path = View;
			sourceTree = "<group>";
		};
		A882BF8127C673B700F6ED8F /* Model */ = {
			isa = PBXGroup;
			children = (
				A882BF7727C63A9300F6ED8F /* User.swift */,
				A882BF8827C67D7500F6ED8F /* Group.swift */,
			);
			path = Model;
			sourceTree = "<group>";
		};
/* End PBXGroup section */

/* Begin PBXNativeTarget section */
		A87A720827B6C9E8003FAF66 /* newVK */ = {
			isa = PBXNativeTarget;
			buildConfigurationList = A87A721D27B6C9EA003FAF66 /* Build configuration list for PBXNativeTarget "newVK" */;
			buildPhases = (
				A87A720527B6C9E8003FAF66 /* Sources */,
				A87A720627B6C9E8003FAF66 /* Frameworks */,
				A87A720727B6C9E8003FAF66 /* Resources */,
			);
			buildRules = (
			);
			dependencies = (
			);
			name = newVK;
			productName = newVK;
			productReference = A87A720927B6C9E8003FAF66 /* newVK.app */;
			productType = "com.apple.product-type.application";
		};
/* End PBXNativeTarget section */

/* Begin PBXProject section */
		A87A720127B6C9E8003FAF66 /* Project object */ = {
			isa = PBXProject;
			attributes = {
				BuildIndependentTargetsInParallel = 1;
				LastSwiftUpdateCheck = 1320;
				LastUpgradeCheck = 1320;
				TargetAttributes = {
					A87A720827B6C9E8003FAF66 = {
						CreatedOnToolsVersion = 13.2.1;
					};
				};
			};
			buildConfigurationList = A87A720427B6C9E8003FAF66 /* Build configuration list for PBXProject "newVK" */;
			compatibilityVersion = "Xcode 13.0";
			developmentRegion = en;
			hasScannedForEncodings = 0;
			knownRegions = (
				en,
				Base,
			);
			mainGroup = A87A720027B6C9E8003FAF66;
			productRefGroup = A87A720A27B6C9E8003FAF66 /* Products */;
			projectDirPath = "";
			projectRoot = "";
			targets = (
				A87A720827B6C9E8003FAF66 /* newVK */,
			);
		};
/* End PBXProject section */

/* Begin PBXResourcesBuildPhase section */
		A87A720727B6C9E8003FAF66 /* Resources */ = {
			isa = PBXResourcesBuildPhase;
			buildActionMask = 2147483647;
			files = (
				A87A721927B6C9EA003FAF66 /* LaunchScreen.storyboard in Resources */,
				A87A721627B6C9EA003FAF66 /* Assets.xcassets in Resources */,
				A87A721427B6C9E8003FAF66 /* Main.storyboard in Resources */,
			);
			runOnlyForDeploymentPostprocessing = 0;
		};
/* End PBXResourcesBuildPhase section */

/* Begin PBXSourcesBuildPhase section */
		A87A720527B6C9E8003FAF66 /* Sources */ = {
			isa = PBXSourcesBuildPhase;
			buildActionMask = 2147483647;
			files = (
				A882BF8327C6789B00F6ED8F /* GroupController.swift in Sources */,
				A8F48D2127C2CAC70031A024 /* AuthorizationViewController.swift in Sources */,
				A882BF7427C6308400F6ED8F /* FriendsController.swift in Sources */,
				A8F73EDB27C3D2C500AA198B /* UIViewController + Extension.swift in Sources */,
				A882BF7A27C6520D00F6ED8F /* PhotoController.swift in Sources */,
				A882BF8527C678F900F6ED8F /* AllGroupController.swift in Sources */,
				A882BF7827C63A9300F6ED8F /* User.swift in Sources */,
				A882BF8B27C6837300F6ED8F /* AllGroupCell.swift in Sources */,
				A882BF8927C67D7500F6ED8F /* Group.swift in Sources */,
				A882BF8727C67A2200F6ED8F /* GroupCell.swift in Sources */,
				A87A721127B6C9E8003FAF66 /* ViewController.swift in Sources */,
				A882BF7C27C66A0900F6ED8F /* PhotoCell.swift in Sources */,
				A87A720D27B6C9E8003FAF66 /* AppDelegate.swift in Sources */,
				A87A720F27B6C9E8003FAF66 /* SceneDelegate.swift in Sources */,
				A882BF7627C6332400F6ED8F /* FriendsCell.swift in Sources */,
			);
			runOnlyForDeploymentPostprocessing = 0;
		};
/* End PBXSourcesBuildPhase section */

/* Begin PBXVariantGroup section */
		A87A721227B6C9E8003FAF66 /* Main.storyboard */ = {
			isa = PBXVariantGroup;
			children = (
				A87A721327B6C9E8003FAF66 /* Base */,
			);
			name = Main.storyboard;
			sourceTree = "<group>";
		};
		A87A721727B6C9EA003FAF66 /* LaunchScreen.storyboard */ = {
			isa = PBXVariantGroup;
			children = (
				A87A721827B6C9EA003FAF66 /* Base */,
			);
			name = LaunchScreen.storyboard;
			sourceTree = "<group>";
		};
/* End PBXVariantGroup section */

/* Begin XCBuildConfiguration section */
		A87A721B27B6C9EA003FAF66 /* Debug */ = {
			isa = XCBuildConfiguration;
			buildSettings = {
				ALWAYS_SEARCH_USER_PATHS = NO;
				CLANG_ANALYZER_NONNULL = YES;
				CLANG_ANALYZER_NUMBER_OBJECT_CONVERSION = YES_AGGRESSIVE;
				CLANG_CXX_LANGUAGE_STANDARD = "gnu++17";
				CLANG_CXX_LIBRARY = "libc++";
				CLANG_ENABLE_MODULES = YES;
				CLANG_ENABLE_OBJC_ARC = YES;
				CLANG_ENABLE_OBJC_WEAK = YES;
				CLANG_WARN_BLOCK_CAPTURE_AUTORELEASING = YES;
				CLANG_WARN_BOOL_CONVERSION = YES;
				CLANG_WARN_COMMA = YES;
				CLANG_WARN_CONSTANT_CONVERSION = YES;
				CLANG_WARN_DEPRECATED_OBJC_IMPLEMENTATIONS = YES;
				CLANG_WARN_DIRECT_OBJC_ISA_USAGE = YES_ERROR;
				CLANG_WARN_DOCUMENTATION_COMMENTS = YES;
				CLANG_WARN_EMPTY_BODY = YES;
				CLANG_WARN_ENUM_CONVERSION = YES;
				CLANG_WARN_INFINITE_RECURSION = YES;
				CLANG_WARN_INT_CONVERSION = YES;
				CLANG_WARN_NON_LITERAL_NULL_CONVERSION = YES;
				CLANG_WARN_OBJC_IMPLICIT_RETAIN_SELF = YES;
				CLANG_WARN_OBJC_LITERAL_CONVERSION = YES;
				CLANG_WARN_OBJC_ROOT_CLASS = YES_ERROR;
				CLANG_WARN_QUOTED_INCLUDE_IN_FRAMEWORK_HEADER = YES;
				CLANG_WARN_RANGE_LOOP_ANALYSIS = YES;
				CLANG_WARN_STRICT_PROTOTYPES = YES;
				CLANG_WARN_SUSPICIOUS_MOVE = YES;
				CLANG_WARN_UNGUARDED_AVAILABILITY = YES_AGGRESSIVE;
				CLANG_WARN_UNREACHABLE_CODE = YES;
				CLANG_WARN__DUPLICATE_METHOD_MATCH = YES;
				COPY_PHASE_STRIP = NO;
				DEBUG_INFORMATION_FORMAT = dwarf;
				ENABLE_STRICT_OBJC_MSGSEND = YES;
				ENABLE_TESTABILITY = YES;
				GCC_C_LANGUAGE_STANDARD = gnu11;
				GCC_DYNAMIC_NO_PIC = NO;
				GCC_NO_COMMON_BLOCKS = YES;
				GCC_OPTIMIZATION_LEVEL = 0;
				GCC_PREPROCESSOR_DEFINITIONS = (
					"DEBUG=1",
					"$(inherited)",
				);
				GCC_WARN_64_TO_32_BIT_CONVERSION = YES;
				GCC_WARN_ABOUT_RETURN_TYPE = YES_ERROR;
				GCC_WARN_UNDECLARED_SELECTOR = YES;
				GCC_WARN_UNINITIALIZED_AUTOS = YES_AGGRESSIVE;
				GCC_WARN_UNUSED_FUNCTION = YES;
				GCC_WARN_UNUSED_VARIABLE = YES;
				IPHONEOS_DEPLOYMENT_TARGET = 15.2;
				MTL_ENABLE_DEBUG_INFO = INCLUDE_SOURCE;
				MTL_FAST_MATH = YES;
				ONLY_ACTIVE_ARCH = YES;
				SDKROOT = iphoneos;
				SWIFT_ACTIVE_COMPILATION_CONDITIONS = DEBUG;
				SWIFT_OPTIMIZATION_LEVEL = "-Onone";
			};
			name = Debug;
		};
		A87A721C27B6C9EA003FAF66 /* Release */ = {
			isa = XCBuildConfiguration;
			buildSettings = {
				ALWAYS_SEARCH_USER_PATHS = NO;
				CLANG_ANALYZER_NONNULL = YES;
				CLANG_ANALYZER_NUMBER_OBJECT_CONVERSION = YES_AGGRESSIVE;
				CLANG_CXX_LANGUAGE_STANDARD = "gnu++17";
				CLANG_CXX_LIBRARY = "libc++";
				CLANG_ENABLE_MODULES = YES;
				CLANG_ENABLE_OBJC_ARC = YES;
				CLANG_ENABLE_OBJC_WEAK = YES;
				CLANG_WARN_BLOCK_CAPTURE_AUTORELEASING = YES;
				CLANG_WARN_BOOL_CONVERSION = YES;
				CLANG_WARN_COMMA = YES;
				CLANG_WARN_CONSTANT_CONVERSION = YES;
				CLANG_WARN_DEPRECATED_OBJC_IMPLEMENTATIONS = YES;
				CLANG_WARN_DIRECT_OBJC_ISA_USAGE = YES_ERROR;
				CLANG_WARN_DOCUMENTATION_COMMENTS = YES;
				CLANG_WARN_EMPTY_BODY = YES;
				CLANG_WARN_ENUM_CONVERSION = YES;
				CLANG_WARN_INFINITE_RECURSION = YES;
				CLANG_WARN_INT_CONVERSION = YES;
				CLANG_WARN_NON_LITERAL_NULL_CONVERSION = YES;
				CLANG_WARN_OBJC_IMPLICIT_RETAIN_SELF = YES;
				CLANG_WARN_OBJC_LITERAL_CONVERSION = YES;
				CLANG_WARN_OBJC_ROOT_CLASS = YES_ERROR;
				CLANG_WARN_QUOTED_INCLUDE_IN_FRAMEWORK_HEADER = YES;
				CLANG_WARN_RANGE_LOOP_ANALYSIS = YES;
				CLANG_WARN_STRICT_PROTOTYPES = YES;
				CLANG_WARN_SUSPICIOUS_MOVE = YES;
				CLANG_WARN_UNGUARDED_AVAILABILITY = YES_AGGRESSIVE;
				CLANG_WARN_UNREACHABLE_CODE = YES;
				CLANG_WARN__DUPLICATE_METHOD_MATCH = YES;
				COPY_PHASE_STRIP = NO;
				DEBUG_INFORMATION_FORMAT = "dwarf-with-dsym";
				ENABLE_NS_ASSERTIONS = NO;
				ENABLE_STRICT_OBJC_MSGSEND = YES;
				GCC_C_LANGUAGE_STANDARD = gnu11;
				GCC_NO_COMMON_BLOCKS = YES;
				GCC_WARN_64_TO_32_BIT_CONVERSION = YES;
				GCC_WARN_ABOUT_RETURN_TYPE = YES_ERROR;
				GCC_WARN_UNDECLARED_SELECTOR = YES;
				GCC_WARN_UNINITIALIZED_AUTOS = YES_AGGRESSIVE;
				GCC_WARN_UNUSED_FUNCTION = YES;
				GCC_WARN_UNUSED_VARIABLE = YES;
				IPHONEOS_DEPLOYMENT_TARGET = 15.2;
				MTL_ENABLE_DEBUG_INFO = NO;
				MTL_FAST_MATH = YES;
				SDKROOT = iphoneos;
				SWIFT_COMPILATION_MODE = wholemodule;
				SWIFT_OPTIMIZATION_LEVEL = "-O";
				VALIDATE_PRODUCT = YES;
			};
			name = Release;
		};
		A87A721E27B6C9EA003FAF66 /* Debug */ = {
			isa = XCBuildConfiguration;
			buildSettings = {
				ASSETCATALOG_COMPILER_APPICON_NAME = AppIcon;
				ASSETCATALOG_COMPILER_GLOBAL_ACCENT_COLOR_NAME = AccentColor;
				CODE_SIGN_STYLE = Automatic;
				CURRENT_PROJECT_VERSION = 1;
				DEVELOPMENT_TEAM = D77A764ZZV;
				GENERATE_INFOPLIST_FILE = YES;
				INFOPLIST_FILE = newVK/Info.plist;
				INFOPLIST_KEY_CFBundleDisplayName = NewVK;
				INFOPLIST_KEY_UIApplicationSupportsIndirectInputEvents = YES;
				INFOPLIST_KEY_UILaunchStoryboardName = LaunchScreen;
				INFOPLIST_KEY_UIMainStoryboardFile = Main;
				INFOPLIST_KEY_UISupportedInterfaceOrientations_iPad = "UIInterfaceOrientationPortrait UIInterfaceOrientationPortraitUpsideDown UIInterfaceOrientationLandscapeLeft UIInterfaceOrientationLandscapeRight";
				INFOPLIST_KEY_UISupportedInterfaceOrientations_iPhone = "UIInterfaceOrientationPortrait UIInterfaceOrientationLandscapeLeft UIInterfaceOrientationLandscapeRight";
				IPHONEOS_DEPLOYMENT_TARGET = 15.0;
				LD_RUNPATH_SEARCH_PATHS = (
					"$(inherited)",
					"@executable_path/Frameworks",
				);
				MARKETING_VERSION = 1.0;
				PRODUCT_BUNDLE_IDENTIFIER = ovnick.newVK;
				PRODUCT_NAME = "$(TARGET_NAME)";
				SWIFT_EMIT_LOC_STRINGS = YES;
				SWIFT_VERSION = 5.0;
				TARGETED_DEVICE_FAMILY = "1,2";
			};
			name = Debug;
		};
		A87A721F27B6C9EA003FAF66 /* Release */ = {
			isa = XCBuildConfiguration;
			buildSettings = {
				ASSETCATALOG_COMPILER_APPICON_NAME = AppIcon;
				ASSETCATALOG_COMPILER_GLOBAL_ACCENT_COLOR_NAME = AccentColor;
				CODE_SIGN_STYLE = Automatic;
				CURRENT_PROJECT_VERSION = 1;
				DEVELOPMENT_TEAM = D77A764ZZV;
				GENERATE_INFOPLIST_FILE = YES;
				INFOPLIST_FILE = newVK/Info.plist;
				INFOPLIST_KEY_CFBundleDisplayName = NewVK;
				INFOPLIST_KEY_UIApplicationSupportsIndirectInputEvents = YES;
				INFOPLIST_KEY_UILaunchStoryboardName = LaunchScreen;
				INFOPLIST_KEY_UIMainStoryboardFile = Main;
				INFOPLIST_KEY_UISupportedInterfaceOrientations_iPad = "UIInterfaceOrientationPortrait UIInterfaceOrientationPortraitUpsideDown UIInterfaceOrientationLandscapeLeft UIInterfaceOrientationLandscapeRight";
				INFOPLIST_KEY_UISupportedInterfaceOrientations_iPhone = "UIInterfaceOrientationPortrait UIInterfaceOrientationLandscapeLeft UIInterfaceOrientationLandscapeRight";
				IPHONEOS_DEPLOYMENT_TARGET = 15.0;
				LD_RUNPATH_SEARCH_PATHS = (
					"$(inherited)",
					"@executable_path/Frameworks",
				);
				MARKETING_VERSION = 1.0;
				PRODUCT_BUNDLE_IDENTIFIER = ovnick.newVK;
				PRODUCT_NAME = "$(TARGET_NAME)";
				SWIFT_EMIT_LOC_STRINGS = YES;
				SWIFT_VERSION = 5.0;
				TARGETED_DEVICE_FAMILY = "1,2";
			};
			name = Release;
		};
/* End XCBuildConfiguration section */

/* Begin XCConfigurationList section */
		A87A720427B6C9E8003FAF66 /* Build configuration list for PBXProject "newVK" */ = {
			isa = XCConfigurationList;
			buildConfigurations = (
				A87A721B27B6C9EA003FAF66 /* Debug */,
				A87A721C27B6C9EA003FAF66 /* Release */,
			);
			defaultConfigurationIsVisible = 0;
			defaultConfigurationName = Release;
		};
		A87A721D27B6C9EA003FAF66 /* Build configuration list for PBXNativeTarget "newVK" */ = {
			isa = XCConfigurationList;
			buildConfigurations = (
				A87A721E27B6C9EA003FAF66 /* Debug */,
				A87A721F27B6C9EA003FAF66 /* Release */,
			);
			defaultConfigurationIsVisible = 0;
			defaultConfigurationName = Release;
		};
/* End XCConfigurationList section */
	};
	rootObject = A87A720127B6C9E8003FAF66 /* Project object */;
}
